
Microsoft Visual Studio Solution File, Format Version 12.00
# Visual Studio 14
VisualStudioVersion = 14.0.25420.1
MinimumVisualStudioVersion = 10.0.40219.1
Project("{FAE04EC0-301F-11D3-BF4B-00C04F79EFBC}") = "XamEffects", "XamEffects\XamEffects.csproj", "{67F9D3A8-F71E-4428-913F-C37AE82CDB24}"
EndProject
Project("{FAE04EC0-301F-11D3-BF4B-00C04F79EFBC}") = "XamEffects.iOS", "XamEffects.iOS\XamEffects.iOS.csproj", "{076444AB-1145-43AE-8ABB-99F0F231DF1A}"
EndProject
Project("{FAE04EC0-301F-11D3-BF4B-00C04F79EFBC}") = "XamEffects.Droid", "XamEffects.Droid\XamEffects.Droid.csproj", "{43F91C33-9793-4782-AE73-6CD090481CD0}"
EndProject
Project("{2150E333-8FDC-42A3-9474-1A3956D46DE8}") = "Samples", "Samples", "{FA0BE15D-5F07-4931-AC80-B528F5B29253}"
EndProject
Project("{FAE04EC0-301F-11D3-BF4B-00C04F79EFBC}") = "XamEffects.Sample.Android", "XamEffects.Sample\XamEffects.Sample.Android\XamEffects.Sample.Android.csproj", "{7F858956-5F17-4F0B-957C-3246F38B4471}"
EndProject
Project("{FAE04EC0-301F-11D3-BF4B-00C04F79EFBC}") = "XamEffects.Sample", "XamEffects.Sample\XamEffects.Sample\XamEffects.Sample.csproj", "{7E8043B2-C74F-4FB6-90DB-ED4F675ACCC0}"
EndProject
Project("{FAE04EC0-301F-11D3-BF4B-00C04F79EFBC}") = "XamEffects.Sample.iOS", "XamEffects.Sample\XamEffects.Sample.iOS\XamEffects.Sample.iOS.csproj", "{EA2A5DD0-60F7-46D6-B484-7EF4AFFE8F11}"
EndProject
Global
	GlobalSection(SolutionConfigurationPlatforms) = preSolution
		Ad-Hoc|Any CPU = Ad-Hoc|Any CPU
		Ad-Hoc|iPhone = Ad-Hoc|iPhone
		Ad-Hoc|iPhoneSimulator = Ad-Hoc|iPhoneSimulator
		AppStore|Any CPU = AppStore|Any CPU
		AppStore|iPhone = AppStore|iPhone
		AppStore|iPhoneSimulator = AppStore|iPhoneSimulator
		Debug|Any CPU = Debug|Any CPU
		Debug|iPhone = Debug|iPhone
		Debug|iPhoneSimulator = Debug|iPhoneSimulator
		Release|Any CPU = Release|Any CPU
		Release|iPhone = Release|iPhone
		Release|iPhoneSimulator = Release|iPhoneSimulator
	EndGlobalSection
	GlobalSection(ProjectConfigurationPlatforms) = postSolution
		{67F9D3A8-F71E-4428-913F-C37AE82CDB24}.Ad-Hoc|Any CPU.ActiveCfg = Release|Any CPU
		{67F9D3A8-F71E-4428-913F-C37AE82CDB24}.Ad-Hoc|Any CPU.Build.0 = Release|Any CPU
		{67F9D3A8-F71E-4428-913F-C37AE82CDB24}.Ad-Hoc|iPhone.ActiveCfg = Release|Any CPU
		{67F9D3A8-F71E-4428-913F-C37AE82CDB24}.Ad-Hoc|iPhone.Build.0 = Release|Any CPU
		{67F9D3A8-F71E-4428-913F-C37AE82CDB24}.Ad-Hoc|iPhoneSimulator.ActiveCfg = Release|Any CPU
		{67F9D3A8-F71E-4428-913F-C37AE82CDB24}.Ad-Hoc|iPhoneSimulator.Build.0 = Release|Any CPU
		{67F9D3A8-F71E-4428-913F-C37AE82CDB24}.AppStore|Any CPU.ActiveCfg = Release|Any CPU
		{67F9D3A8-F71E-4428-913F-C37AE82CDB24}.AppStore|Any CPU.Build.0 = Release|Any CPU
		{67F9D3A8-F71E-4428-913F-C37AE82CDB24}.AppStore|iPhone.ActiveCfg = Release|Any CPU
		{67F9D3A8-F71E-4428-913F-C37AE82CDB24}.AppStore|iPhone.Build.0 = Release|Any CPU
		{67F9D3A8-F71E-4428-913F-C37AE82CDB24}.AppStore|iPhoneSimulator.ActiveCfg = Release|Any CPU
		{67F9D3A8-F71E-4428-913F-C37AE82CDB24}.AppStore|iPhoneSimulator.Build.0 = Release|Any CPU
		{67F9D3A8-F71E-4428-913F-C37AE82CDB24}.Debug|Any CPU.ActiveCfg = Debug|Any CPU
		{67F9D3A8-F71E-4428-913F-C37AE82CDB24}.Debug|Any CPU.Build.0 = Debug|Any CPU
		{67F9D3A8-F71E-4428-913F-C37AE82CDB24}.Debug|iPhone.ActiveCfg = Debug|Any CPU
		{67F9D3A8-F71E-4428-913F-C37AE82CDB24}.Debug|iPhone.Build.0 = Debug|Any CPU
		{67F9D3A8-F71E-4428-913F-C37AE82CDB24}.Debug|iPhoneSimulator.ActiveCfg = Debug|Any CPU
		{67F9D3A8-F71E-4428-913F-C37AE82CDB24}.Debug|iPhoneSimulator.Build.0 = Debug|Any CPU
		{67F9D3A8-F71E-4428-913F-C37AE82CDB24}.Release|Any CPU.ActiveCfg = Release|Any CPU
		{67F9D3A8-F71E-4428-913F-C37AE82CDB24}.Release|Any CPU.Build.0 = Release|Any CPU
		{67F9D3A8-F71E-4428-913F-C37AE82CDB24}.Release|iPhone.ActiveCfg = Release|Any CPU
		{67F9D3A8-F71E-4428-913F-C37AE82CDB24}.Release|iPhone.Build.0 = Release|Any CPU
		{67F9D3A8-F71E-4428-913F-C37AE82CDB24}.Release|iPhoneSimulator.ActiveCfg = Release|Any CPU
		{67F9D3A8-F71E-4428-913F-C37AE82CDB24}.Release|iPhoneSimulator.Build.0 = Release|Any CPU
		{076444AB-1145-43AE-8ABB-99F0F231DF1A}.Ad-Hoc|Any CPU.ActiveCfg = Release|Any CPU
		{076444AB-1145-43AE-8ABB-99F0F231DF1A}.Ad-Hoc|Any CPU.Build.0 = Release|Any CPU
		{076444AB-1145-43AE-8ABB-99F0F231DF1A}.Ad-Hoc|iPhone.ActiveCfg = Release|Any CPU
		{076444AB-1145-43AE-8ABB-99F0F231DF1A}.Ad-Hoc|iPhone.Build.0 = Release|Any CPU
		{076444AB-1145-43AE-8ABB-99F0F231DF1A}.Ad-Hoc|iPhoneSimulator.ActiveCfg = Release|Any CPU
		{076444AB-1145-43AE-8ABB-99F0F231DF1A}.Ad-Hoc|iPhoneSimulator.Build.0 = Release|Any CPU
		{076444AB-1145-43AE-8ABB-99F0F231DF1A}.AppStore|Any CPU.ActiveCfg = Release|Any CPU
		{076444AB-1145-43AE-8ABB-99F0F231DF1A}.AppStore|Any CPU.Build.0 = Release|Any CPU
		{076444AB-1145-43AE-8ABB-99F0F231DF1A}.AppStore|iPhone.ActiveCfg = Release|Any CPU
		{076444AB-1145-43AE-8ABB-99F0F231DF1A}.AppStore|iPhone.Build.0 = Release|Any CPU
		{076444AB-1145-43AE-8ABB-99F0F231DF1A}.AppStore|iPhoneSimulator.ActiveCfg = Release|Any CPU
		{076444AB-1145-43AE-8ABB-99F0F231DF1A}.AppStore|iPhoneSimulator.Build.0 = Release|Any CPU
		{076444AB-1145-43AE-8ABB-99F0F231DF1A}.Debug|Any CPU.ActiveCfg = Debug|Any CPU
		{076444AB-1145-43AE-8ABB-99F0F231DF1A}.Debug|Any CPU.Build.0 = Debug|Any CPU
		{076444AB-1145-43AE-8ABB-99F0F231DF1A}.Debug|iPhone.ActiveCfg = Debug|Any CPU
		{076444AB-1145-43AE-8ABB-99F0F231DF1A}.Debug|iPhone.Build.0 = Debug|Any CPU
		{076444AB-1145-43AE-8ABB-99F0F231DF1A}.Debug|iPhoneSimulator.ActiveCfg = Debug|Any CPU
		{076444AB-1145-43AE-8ABB-99F0F231DF1A}.Debug|iPhoneSimulator.Build.0 = Debug|Any CPU
		{076444AB-1145-43AE-8ABB-99F0F231DF1A}.Release|Any CPU.ActiveCfg = Release|Any CPU
		{076444AB-1145-43AE-8ABB-99F0F231DF1A}.Release|Any CPU.Build.0 = Release|Any CPU
		{076444AB-1145-43AE-8ABB-99F0F231DF1A}.Release|iPhone.ActiveCfg = Release|Any CPU
		{076444AB-1145-43AE-8ABB-99F0F231DF1A}.Release|iPhone.Build.0 = Release|Any CPU
		{076444AB-1145-43AE-8ABB-99F0F231DF1A}.Release|iPhoneSimulator.ActiveCfg = Release|Any CPU
		{076444AB-1145-43AE-8ABB-99F0F231DF1A}.Release|iPhoneSimulator.Build.0 = Release|Any CPU
		{43F91C33-9793-4782-AE73-6CD090481CD0}.Ad-Hoc|Any CPU.ActiveCfg = Release|Any CPU
		{43F91C33-9793-4782-AE73-6CD090481CD0}.Ad-Hoc|Any CPU.Build.0 = Release|Any CPU
		{43F91C33-9793-4782-AE73-6CD090481CD0}.Ad-Hoc|iPhone.ActiveCfg = Release|Any CPU
		{43F91C33-9793-4782-AE73-6CD090481CD0}.Ad-Hoc|iPhone.Build.0 = Release|Any CPU
		{43F91C33-9793-4782-AE73-6CD090481CD0}.Ad-Hoc|iPhoneSimulator.ActiveCfg = Release|Any CPU
		{43F91C33-9793-4782-AE73-6CD090481CD0}.Ad-Hoc|iPhoneSimulator.Build.0 = Release|Any CPU
		{43F91C33-9793-4782-AE73-6CD090481CD0}.AppStore|Any CPU.ActiveCfg = Release|Any CPU
		{43F91C33-9793-4782-AE73-6CD090481CD0}.AppStore|Any CPU.Build.0 = Release|Any CPU
		{43F91C33-9793-4782-AE73-6CD090481CD0}.AppStore|iPhone.ActiveCfg = Release|Any CPU
		{43F91C33-9793-4782-AE73-6CD090481CD0}.AppStore|iPhone.Build.0 = Release|Any CPU
		{43F91C33-9793-4782-AE73-6CD090481CD0}.AppStore|iPhoneSimulator.ActiveCfg = Release|Any CPU
		{43F91C33-9793-4782-AE73-6CD090481CD0}.AppStore|iPhoneSimulator.Build.0 = Release|Any CPU
		{43F91C33-9793-4782-AE73-6CD090481CD0}.Debug|Any CPU.ActiveCfg = Debug|Any CPU
		{43F91C33-9793-4782-AE73-6CD090481CD0}.Debug|Any CPU.Build.0 = Debug|Any CPU
		{43F91C33-9793-4782-AE73-6CD090481CD0}.Debug|iPhone.ActiveCfg = Debug|Any CPU
		{43F91C33-9793-4782-AE73-6CD090481CD0}.Debug|iPhone.Build.0 = Debug|Any CPU
		{43F91C33-9793-4782-AE73-6CD090481CD0}.Debug|iPhoneSimulator.ActiveCfg = Debug|Any CPU
		{43F91C33-9793-4782-AE73-6CD090481CD0}.Debug|iPhoneSimulator.Build.0 = Debug|Any CPU
		{43F91C33-9793-4782-AE73-6CD090481CD0}.Release|Any CPU.ActiveCfg = Release|Any CPU
		{43F91C33-9793-4782-AE73-6CD090481CD0}.Release|Any CPU.Build.0 = Release|Any CPU
		{43F91C33-9793-4782-AE73-6CD090481CD0}.Release|iPhone.ActiveCfg = Release|Any CPU
		{43F91C33-9793-4782-AE73-6CD090481CD0}.Release|iPhone.Build.0 = Release|Any CPU
		{43F91C33-9793-4782-AE73-6CD090481CD0}.Release|iPhoneSimulator.ActiveCfg = Release|Any CPU
		{43F91C33-9793-4782-AE73-6CD090481CD0}.Release|iPhoneSimulator.Build.0 = Release|Any CPU
		{7F858956-5F17-4F0B-957C-3246F38B4471}.Ad-Hoc|Any CPU.ActiveCfg = Release|Any CPU
		{7F858956-5F17-4F0B-957C-3246F38B4471}.Ad-Hoc|Any CPU.Build.0 = Release|Any CPU
		{7F858956-5F17-4F0B-957C-3246F38B4471}.Ad-Hoc|Any CPU.Deploy.0 = Release|Any CPU
		{7F858956-5F17-4F0B-957C-3246F38B4471}.Ad-Hoc|iPhone.ActiveCfg = Release|Any CPU
		{7F858956-5F17-4F0B-957C-3246F38B4471}.Ad-Hoc|iPhone.Build.0 = Release|Any CPU
		{7F858956-5F17-4F0B-957C-3246F38B4471}.Ad-Hoc|iPhone.Deploy.0 = Release|Any CPU
		{7F858956-5F17-4F0B-957C-3246F38B4471}.Ad-Hoc|iPhoneSimulator.ActiveCfg = Release|Any CPU
		{7F858956-5F17-4F0B-957C-3246F38B4471}.Ad-Hoc|iPhoneSimulator.Build.0 = Release|Any CPU
		{7F858956-5F17-4F0B-957C-3246F38B4471}.Ad-Hoc|iPhoneSimulator.Deploy.0 = Release|Any CPU
		{7F858956-5F17-4F0B-957C-3246F38B4471}.AppStore|Any CPU.ActiveCfg = Release|Any CPU
		{7F858956-5F17-4F0B-957C-3246F38B4471}.AppStore|Any CPU.Build.0 = Release|Any CPU
		{7F858956-5F17-4F0B-957C-3246F38B4471}.AppStore|Any CPU.Deploy.0 = Release|Any CPU
		{7F858956-5F17-4F0B-957C-3246F38B4471}.AppStore|iPhone.ActiveCfg = Release|Any CPU
		{7F858956-5F17-4F0B-957C-3246F38B4471}.AppStore|iPhone.Build.0 = Release|Any CPU
		{7F858956-5F17-4F0B-957C-3246F38B4471}.AppStore|iPhone.Deploy.0 = Release|Any CPU
		{7F858956-5F17-4F0B-957C-3246F38B4471}.AppStore|iPhoneSimulator.ActiveCfg = Release|Any CPU
		{7F858956-5F17-4F0B-957C-3246F38B4471}.AppStore|iPhoneSimulator.Build.0 = Release|Any CPU
		{7F858956-5F17-4F0B-957C-3246F38B4471}.AppStore|iPhoneSimulator.Deploy.0 = Release|Any CPU
		{7F858956-5F17-4F0B-957C-3246F38B4471}.Debug|Any CPU.ActiveCfg = Debug|Any CPU
		{7F858956-5F17-4F0B-957C-3246F38B4471}.Debug|Any CPU.Build.0 = Debug|Any CPU
		{7F858956-5F17-4F0B-957C-3246F38B4471}.Debug|Any CPU.Deploy.0 = Debug|Any CPU
		{7F858956-5F17-4F0B-957C-3246F38B4471}.Debug|iPhone.ActiveCfg = Debug|Any CPU
		{7F858956-5F17-4F0B-957C-3246F38B4471}.Debug|iPhone.Build.0 = Debug|Any CPU
		{7F858956-5F17-4F0B-957C-3246F38B4471}.Debug|iPhone.Deploy.0 = Debug|Any CPU
		{7F858956-5F17-4F0B-957C-3246F38B4471}.Debug|iPhoneSimulator.ActiveCfg = Debug|Any CPU
		{7F858956-5F17-4F0B-957C-3246F38B4471}.Debug|iPhoneSimulator.Build.0 = Debug|Any CPU
		{7F858956-5F17-4F0B-957C-3246F38B4471}.Debug|iPhoneSimulator.Deploy.0 = Debug|Any CPU
		{7F858956-5F17-4F0B-957C-3246F38B4471}.Release|Any CPU.ActiveCfg = Release|Any CPU
		{7F858956-5F17-4F0B-957C-3246F38B4471}.Release|Any CPU.Build.0 = Release|Any CPU
		{7F858956-5F17-4F0B-957C-3246F38B4471}.Release|Any CPU.Deploy.0 = Release|Any CPU
		{7F858956-5F17-4F0B-957C-3246F38B4471}.Release|iPhone.ActiveCfg = Release|Any CPU
		{7F858956-5F17-4F0B-957C-3246F38B4471}.Release|iPhone.Build.0 = Release|Any CPU
		{7F858956-5F17-4F0B-957C-3246F38B4471}.Release|iPhone.Deploy.0 = Release|Any CPU
		{7F858956-5F17-4F0B-957C-3246F38B4471}.Release|iPhoneSimulator.ActiveCfg = Release|Any CPU
		{7F858956-5F17-4F0B-957C-3246F38B4471}.Release|iPhoneSimulator.Build.0 = Release|Any CPU
		{7F858956-5F17-4F0B-957C-3246F38B4471}.Release|iPhoneSimulator.Deploy.0 = Release|Any CPU
		{7E8043B2-C74F-4FB6-90DB-ED4F675ACCC0}.Ad-Hoc|Any CPU.ActiveCfg = Release|Any CPU
		{7E8043B2-C74F-4FB6-90DB-ED4F675ACCC0}.Ad-Hoc|Any CPU.Build.0 = Release|Any CPU
		{7E8043B2-C74F-4FB6-90DB-ED4F675ACCC0}.Ad-Hoc|iPhone.ActiveCfg = Release|Any CPU
		{7E8043B2-C74F-4FB6-90DB-ED4F675ACCC0}.Ad-Hoc|iPhone.Build.0 = Release|Any CPU
		{7E8043B2-C74F-4FB6-90DB-ED4F675ACCC0}.Ad-Hoc|iPhoneSimulator.ActiveCfg = Release|Any CPU
		{7E8043B2-C74F-4FB6-90DB-ED4F675ACCC0}.Ad-Hoc|iPhoneSimulator.Build.0 = Release|Any CPU
		{7E8043B2-C74F-4FB6-90DB-ED4F675ACCC0}.AppStore|Any CPU.ActiveCfg = Release|Any CPU
		{7E8043B2-C74F-4FB6-90DB-ED4F675ACCC0}.AppStore|Any CPU.Build.0 = Release|Any CPU
		{7E8043B2-C74F-4FB6-90DB-ED4F675ACCC0}.AppStore|iPhone.ActiveCfg = Release|Any CPU
		{7E8043B2-C74F-4FB6-90DB-ED4F675ACCC0}.AppStore|iPhone.Build.0 = Release|Any CPU
		{7E8043B2-C74F-4FB6-90DB-ED4F675ACCC0}.AppStore|iPhoneSimulator.ActiveCfg = Release|Any CPU
		{7E8043B2-C74F-4FB6-90DB-ED4F675ACCC0}.AppStore|iPhoneSimulator.Build.0 = Release|Any CPU
		{7E8043B2-C74F-4FB6-90DB-ED4F675ACCC0}.Debug|Any CPU.ActiveCfg = Debug|Any CPU
		{7E8043B2-C74F-4FB6-90DB-ED4F675ACCC0}.Debug|Any CPU.Build.0 = Debug|Any CPU
		{7E8043B2-C74F-4FB6-90DB-ED4F675ACCC0}.Debug|iPhone.ActiveCfg = Debug|Any CPU
		{7E8043B2-C74F-4FB6-90DB-ED4F675ACCC0}.Debug|iPhone.Build.0 = Debug|Any CPU
		{7E8043B2-C74F-4FB6-90DB-ED4F675ACCC0}.Debug|iPhoneSimulator.ActiveCfg = Debug|Any CPU
		{7E8043B2-C74F-4FB6-90DB-ED4F675ACCC0}.Debug|iPhoneSimulator.Build.0 = Debug|Any CPU
		{7E8043B2-C74F-4FB6-90DB-ED4F675ACCC0}.Release|Any CPU.ActiveCfg = Release|Any CPU
		{7E8043B2-C74F-4FB6-90DB-ED4F675ACCC0}.Release|Any CPU.Build.0 = Release|Any CPU
		{7E8043B2-C74F-4FB6-90DB-ED4F675ACCC0}.Release|iPhone.ActiveCfg = Release|Any CPU
		{7E8043B2-C74F-4FB6-90DB-ED4F675ACCC0}.Release|iPhone.Build.0 = Release|Any CPU
		{7E8043B2-C74F-4FB6-90DB-ED4F675ACCC0}.Release|iPhoneSimulator.ActiveCfg = Release|Any CPU
		{7E8043B2-C74F-4FB6-90DB-ED4F675ACCC0}.Release|iPhoneSimulator.Build.0 = Release|Any CPU
		{EA2A5DD0-60F7-46D6-B484-7EF4AFFE8F11}.Ad-Hoc|Any CPU.ActiveCfg = Ad-Hoc|iPhone
		{EA2A5DD0-60F7-46D6-B484-7EF4AFFE8F11}.Ad-Hoc|iPhone.ActiveCfg = Ad-Hoc|iPhone
		{EA2A5DD0-60F7-46D6-B484-7EF4AFFE8F11}.Ad-Hoc|iPhone.Build.0 = Ad-Hoc|iPhone
		{EA2A5DD0-60F7-46D6-B484-7EF4AFFE8F11}.Ad-Hoc|iPhoneSimulator.ActiveCfg = Ad-Hoc|iPhoneSimulator
		{EA2A5DD0-60F7-46D6-B484-7EF4AFFE8F11}.Ad-Hoc|iPhoneSimulator.Build.0 = Ad-Hoc|iPhoneSimulator
		{EA2A5DD0-60F7-46D6-B484-7EF4AFFE8F11}.AppStore|Any CPU.ActiveCfg = AppStore|iPhone
		{EA2A5DD0-60F7-46D6-B484-7EF4AFFE8F11}.AppStore|iPhone.ActiveCfg = AppStore|iPhone
		{EA2A5DD0-60F7-46D6-B484-7EF4AFFE8F11}.AppStore|iPhone.Build.0 = AppStore|iPhone
		{EA2A5DD0-60F7-46D6-B484-7EF4AFFE8F11}.AppStore|iPhoneSimulator.ActiveCfg = AppStore|iPhoneSimulator
		{EA2A5DD0-60F7-46D6-B484-7EF4AFFE8F11}.AppStore|iPhoneSimulator.Build.0 = AppStore|iPhoneSimulator
		{EA2A5DD0-60F7-46D6-B484-7EF4AFFE8F11}.Debug|Any CPU.ActiveCfg = Debug|iPhone
		{EA2A5DD0-60F7-46D6-B484-7EF4AFFE8F11}.Debug|iPhone.ActiveCfg = Debug|iPhone
		{EA2A5DD0-60F7-46D6-B484-7EF4AFFE8F11}.Debug|iPhone.Build.0 = Debug|iPhone
		{EA2A5DD0-60F7-46D6-B484-7EF4AFFE8F11}.Debug|iPhoneSimulator.ActiveCfg = Debug|iPhoneSimulator
		{EA2A5DD0-60F7-46D6-B484-7EF4AFFE8F11}.Debug|iPhoneSimulator.Build.0 = Debug|iPhoneSimulator
		{EA2A5DD0-60F7-46D6-B484-7EF4AFFE8F11}.Release|Any CPU.ActiveCfg = Release|iPhone
		{EA2A5DD0-60F7-46D6-B484-7EF4AFFE8F11}.Release|iPhone.ActiveCfg = Release|iPhone
		{EA2A5DD0-60F7-46D6-B484-7EF4AFFE8F11}.Release|iPhone.Build.0 = Release|iPhone
		{EA2A5DD0-60F7-46D6-B484-7EF4AFFE8F11}.Release|iPhoneSimulator.ActiveCfg = Release|iPhoneSimulator
		{EA2A5DD0-60F7-46D6-B484-7EF4AFFE8F11}.Release|iPhoneSimulator.Build.0 = Release|iPhoneSimulator
	EndGlobalSection
	GlobalSection(SolutionProperties) = preSolution
		HideSolutionNode = FALSE
	EndGlobalSection
	GlobalSection(NestedProjects) = preSolution
		{7F858956-5F17-4F0B-957C-3246F38B4471} = {FA0BE15D-5F07-4931-AC80-B528F5B29253}
		{7E8043B2-C74F-4FB6-90DB-ED4F675ACCC0} = {FA0BE15D-5F07-4931-AC80-B528F5B29253}
		{EA2A5DD0-60F7-46D6-B484-7EF4AFFE8F11} = {FA0BE15D-5F07-4931-AC80-B528F5B29253}
	EndGlobalSection
EndGlobal
