
Microsoft Visual Studio Solution File, Format Version 12.00
# Visual Studio 15
VisualStudioVersion = 15.0.27128.1
MinimumVisualStudioVersion = 10.0.40219.1
Project("{FAE04EC0-301F-11D3-BF4B-00C04F79EFBC}") = "XamEffects.iOS", "XamEffects.iOS\XamEffects.iOS.csproj", "{076444AB-1145-43AE-8ABB-99F0F231DF1A}"
EndProject
Project("{FAE04EC0-301F-11D3-BF4B-00C04F79EFBC}") = "XamEffects.Droid", "XamEffects.Droid\XamEffects.Droid.csproj", "{43F91C33-9793-4782-AE73-6CD090481CD0}"
EndProject
Project("{FAE04EC0-301F-11D3-BF4B-00C04F79EFBC}") = "XamEffects", "XamEffects\XamEffects.csproj", "{D98B0F41-1C33-4D39-B493-42A9B3C4E788}"
EndProject
Global
	GlobalSection(SolutionConfigurationPlatforms) = preSolution
		Ad-Hoc|Any CPU = Ad-Hoc|Any CPU
		Ad-Hoc|iPhone = Ad-Hoc|iPhone
		Ad-Hoc|iPhoneSimulator = Ad-Hoc|iPhoneSimulator
		AppStore|Any CPU = AppStore|Any CPU
		AppStore|iPhone = AppStore|iPhone
		AppStore|iPhoneSimulator = AppStore|iPhoneSimulator
		Debug|Any CPU = Debug|Any CPU
		Debug|iPhone = Debug|iPhone
		Debug|iPhoneSimulator = Debug|iPhoneSimulator
		Release|Any CPU = Release|Any CPU
		Release|iPhone = Release|iPhone
		Release|iPhoneSimulator = Release|iPhoneSimulator
	EndGlobalSection
	GlobalSection(ProjectConfigurationPlatforms) = postSolution
		{076444AB-1145-43AE-8ABB-99F0F231DF1A}.Ad-Hoc|Any CPU.ActiveCfg = Release|Any CPU
		{076444AB-1145-43AE-8ABB-99F0F231DF1A}.Ad-Hoc|Any CPU.Build.0 = Release|Any CPU
		{076444AB-1145-43AE-8ABB-99F0F231DF1A}.Ad-Hoc|iPhone.ActiveCfg = Release|Any CPU
		{076444AB-1145-43AE-8ABB-99F0F231DF1A}.Ad-Hoc|iPhone.Build.0 = Release|Any CPU
		{076444AB-1145-43AE-8ABB-99F0F231DF1A}.Ad-Hoc|iPhoneSimulator.ActiveCfg = Release|Any CPU
		{076444AB-1145-43AE-8ABB-99F0F231DF1A}.Ad-Hoc|iPhoneSimulator.Build.0 = Release|Any CPU
		{076444AB-1145-43AE-8ABB-99F0F231DF1A}.AppStore|Any CPU.ActiveCfg = Release|Any CPU
		{076444AB-1145-43AE-8ABB-99F0F231DF1A}.AppStore|Any CPU.Build.0 = Release|Any CPU
		{076444AB-1145-43AE-8ABB-99F0F231DF1A}.AppStore|iPhone.ActiveCfg = Release|Any CPU
		{076444AB-1145-43AE-8ABB-99F0F231DF1A}.AppStore|iPhone.Build.0 = Release|Any CPU
		{076444AB-1145-43AE-8ABB-99F0F231DF1A}.AppStore|iPhoneSimulator.ActiveCfg = Release|Any CPU
		{076444AB-1145-43AE-8ABB-99F0F231DF1A}.AppStore|iPhoneSimulator.Build.0 = Release|Any CPU
		{076444AB-1145-43AE-8ABB-99F0F231DF1A}.Debug|Any CPU.ActiveCfg = Debug|Any CPU
		{076444AB-1145-43AE-8ABB-99F0F231DF1A}.Debug|Any CPU.Build.0 = Debug|Any CPU
		{076444AB-1145-43AE-8ABB-99F0F231DF1A}.Debug|iPhone.ActiveCfg = Debug|Any CPU
		{076444AB-1145-43AE-8ABB-99F0F231DF1A}.Debug|iPhone.Build.0 = Debug|Any CPU
		{076444AB-1145-43AE-8ABB-99F0F231DF1A}.Debug|iPhoneSimulator.ActiveCfg = Debug|Any CPU
		{076444AB-1145-43AE-8ABB-99F0F231DF1A}.Debug|iPhoneSimulator.Build.0 = Debug|Any CPU
		{076444AB-1145-43AE-8ABB-99F0F231DF1A}.Release|Any CPU.ActiveCfg = Release|Any CPU
		{076444AB-1145-43AE-8ABB-99F0F231DF1A}.Release|Any CPU.Build.0 = Release|Any CPU
		{076444AB-1145-43AE-8ABB-99F0F231DF1A}.Release|iPhone.ActiveCfg = Release|Any CPU
		{076444AB-1145-43AE-8ABB-99F0F231DF1A}.Release|iPhone.Build.0 = Release|Any CPU
		{076444AB-1145-43AE-8ABB-99F0F231DF1A}.Release|iPhoneSimulator.ActiveCfg = Release|Any CPU
		{076444AB-1145-43AE-8ABB-99F0F231DF1A}.Release|iPhoneSimulator.Build.0 = Release|Any CPU
		{43F91C33-9793-4782-AE73-6CD090481CD0}.Ad-Hoc|Any CPU.ActiveCfg = Release|Any CPU
		{43F91C33-9793-4782-AE73-6CD090481CD0}.Ad-Hoc|Any CPU.Build.0 = Release|Any CPU
		{43F91C33-9793-4782-AE73-6CD090481CD0}.Ad-Hoc|iPhone.ActiveCfg = Release|Any CPU
		{43F91C33-9793-4782-AE73-6CD090481CD0}.Ad-Hoc|iPhone.Build.0 = Release|Any CPU
		{43F91C33-9793-4782-AE73-6CD090481CD0}.Ad-Hoc|iPhoneSimulator.ActiveCfg = Release|Any CPU
		{43F91C33-9793-4782-AE73-6CD090481CD0}.Ad-Hoc|iPhoneSimulator.Build.0 = Release|Any CPU
		{43F91C33-9793-4782-AE73-6CD090481CD0}.AppStore|Any CPU.ActiveCfg = Release|Any CPU
		{43F91C33-9793-4782-AE73-6CD090481CD0}.AppStore|Any CPU.Build.0 = Release|Any CPU
		{43F91C33-9793-4782-AE73-6CD090481CD0}.AppStore|iPhone.ActiveCfg = Release|Any CPU
		{43F91C33-9793-4782-AE73-6CD090481CD0}.AppStore|iPhone.Build.0 = Release|Any CPU
		{43F91C33-9793-4782-AE73-6CD090481CD0}.AppStore|iPhoneSimulator.ActiveCfg = Release|Any CPU
		{43F91C33-9793-4782-AE73-6CD090481CD0}.AppStore|iPhoneSimulator.Build.0 = Release|Any CPU
		{43F91C33-9793-4782-AE73-6CD090481CD0}.Debug|Any CPU.ActiveCfg = Debug|Any CPU
		{43F91C33-9793-4782-AE73-6CD090481CD0}.Debug|Any CPU.Build.0 = Debug|Any CPU
		{43F91C33-9793-4782-AE73-6CD090481CD0}.Debug|iPhone.ActiveCfg = Debug|Any CPU
		{43F91C33-9793-4782-AE73-6CD090481CD0}.Debug|iPhone.Build.0 = Debug|Any CPU
		{43F91C33-9793-4782-AE73-6CD090481CD0}.Debug|iPhoneSimulator.ActiveCfg = Debug|Any CPU
		{43F91C33-9793-4782-AE73-6CD090481CD0}.Debug|iPhoneSimulator.Build.0 = Debug|Any CPU
		{43F91C33-9793-4782-AE73-6CD090481CD0}.Release|Any CPU.ActiveCfg = Release|Any CPU
		{43F91C33-9793-4782-AE73-6CD090481CD0}.Release|Any CPU.Build.0 = Release|Any CPU
		{43F91C33-9793-4782-AE73-6CD090481CD0}.Release|iPhone.ActiveCfg = Release|Any CPU
		{43F91C33-9793-4782-AE73-6CD090481CD0}.Release|iPhone.Build.0 = Release|Any CPU
		{43F91C33-9793-4782-AE73-6CD090481CD0}.Release|iPhoneSimulator.ActiveCfg = Release|Any CPU
		{43F91C33-9793-4782-AE73-6CD090481CD0}.Release|iPhoneSimulator.Build.0 = Release|Any CPU
		{D98B0F41-1C33-4D39-B493-42A9B3C4E788}.Ad-Hoc|Any CPU.ActiveCfg = Debug|Any CPU
		{D98B0F41-1C33-4D39-B493-42A9B3C4E788}.Ad-Hoc|Any CPU.Build.0 = Debug|Any CPU
		{D98B0F41-1C33-4D39-B493-42A9B3C4E788}.Ad-Hoc|iPhone.ActiveCfg = Debug|Any CPU
		{D98B0F41-1C33-4D39-B493-42A9B3C4E788}.Ad-Hoc|iPhone.Build.0 = Debug|Any CPU
		{D98B0F41-1C33-4D39-B493-42A9B3C4E788}.Ad-Hoc|iPhoneSimulator.ActiveCfg = Debug|Any CPU
		{D98B0F41-1C33-4D39-B493-42A9B3C4E788}.Ad-Hoc|iPhoneSimulator.Build.0 = Debug|Any CPU
		{D98B0F41-1C33-4D39-B493-42A9B3C4E788}.AppStore|Any CPU.ActiveCfg = Debug|Any CPU
		{D98B0F41-1C33-4D39-B493-42A9B3C4E788}.AppStore|Any CPU.Build.0 = Debug|Any CPU
		{D98B0F41-1C33-4D39-B493-42A9B3C4E788}.AppStore|iPhone.ActiveCfg = Debug|Any CPU
		{D98B0F41-1C33-4D39-B493-42A9B3C4E788}.AppStore|iPhone.Build.0 = Debug|Any CPU
		{D98B0F41-1C33-4D39-B493-42A9B3C4E788}.AppStore|iPhoneSimulator.ActiveCfg = Debug|Any CPU
		{D98B0F41-1C33-4D39-B493-42A9B3C4E788}.AppStore|iPhoneSimulator.Build.0 = Debug|Any CPU
		{D98B0F41-1C33-4D39-B493-42A9B3C4E788}.Debug|Any CPU.ActiveCfg = Debug|Any CPU
		{D98B0F41-1C33-4D39-B493-42A9B3C4E788}.Debug|Any CPU.Build.0 = Debug|Any CPU
		{D98B0F41-1C33-4D39-B493-42A9B3C4E788}.Debug|iPhone.ActiveCfg = Debug|Any CPU
		{D98B0F41-1C33-4D39-B493-42A9B3C4E788}.Debug|iPhone.Build.0 = Debug|Any CPU
		{D98B0F41-1C33-4D39-B493-42A9B3C4E788}.Debug|iPhoneSimulator.ActiveCfg = Debug|Any CPU
		{D98B0F41-1C33-4D39-B493-42A9B3C4E788}.Debug|iPhoneSimulator.Build.0 = Debug|Any CPU
		{D98B0F41-1C33-4D39-B493-42A9B3C4E788}.Release|Any CPU.ActiveCfg = Release|Any CPU
		{D98B0F41-1C33-4D39-B493-42A9B3C4E788}.Release|Any CPU.Build.0 = Release|Any CPU
		{D98B0F41-1C33-4D39-B493-42A9B3C4E788}.Release|iPhone.ActiveCfg = Release|Any CPU
		{D98B0F41-1C33-4D39-B493-42A9B3C4E788}.Release|iPhone.Build.0 = Release|Any CPU
		{D98B0F41-1C33-4D39-B493-42A9B3C4E788}.Release|iPhoneSimulator.ActiveCfg = Release|Any CPU
		{D98B0F41-1C33-4D39-B493-42A9B3C4E788}.Release|iPhoneSimulator.Build.0 = Release|Any CPU
	EndGlobalSection
	GlobalSection(SolutionProperties) = preSolution
		HideSolutionNode = FALSE
	EndGlobalSection
	GlobalSection(ExtensibilityGlobals) = postSolution
		SolutionGuid = {F699A902-5000-4180-8B3D-C5ED4EABE56E}
	EndGlobalSection
	GlobalSection(NestedProjects) = preSolution
	EndGlobalSection
EndGlobal
