
Microsoft Visual Studio Solution File, Format Version 12.00
# Visual Studio 14
VisualStudioVersion = 14.0.25420.1
MinimumVisualStudioVersion = 10.0.40219.1
Project("{FAE04EC0-301F-11D3-BF4B-00C04F79EFBC}") = "XamEffects", "XamEffects\XamEffects.csproj", "{67F9D3A8-F71E-4428-913F-C37AE82CDB24}"
EndProject
Project("{FAE04EC0-301F-11D3-BF4B-00C04F79EFBC}") = "XamEffects.iOS", "XamEffects.iOS\XamEffects.iOS.csproj", "{076444AB-1145-43AE-8ABB-99F0F231DF1A}"
EndProject
Project("{FAE04EC0-301F-11D3-BF4B-00C04F79EFBC}") = "XamEffects.Droid", "XamEffects.Droid\XamEffects.Droid.csproj", "{43F91C33-9793-4782-AE73-6CD090481CD0}"
EndProject
Global
	GlobalSection(SolutionConfigurationPlatforms) = preSolution
		Ad-Hoc|Any CPU = Ad-Hoc|Any CPU
		Ad-Hoc|iPhone = Ad-Hoc|iPhone
		Ad-Hoc|iPhoneSimulator = Ad-Hoc|iPhoneSimulator
		AppStore|Any CPU = AppStore|Any CPU
		AppStore|iPhone = AppStore|iPhone
		AppStore|iPhoneSimulator = AppStore|iPhoneSimulator
		Debug|Any CPU = Debug|Any CPU
		Debug|iPhone = Debug|iPhone
		Debug|iPhoneSimulator = Debug|iPhoneSimulator
		Release|Any CPU = Release|Any CPU
		Release|iPhone = Release|iPhone
		Release|iPhoneSimulator = Release|iPhoneSimulator
	EndGlobalSection
	GlobalSection(ProjectConfigurationPlatforms) = postSolution
		{67F9D3A8-F71E-4428-913F-C37AE82CDB24}.Ad-Hoc|Any CPU.ActiveCfg = Release|Any CPU
		{67F9D3A8-F71E-4428-913F-C37AE82CDB24}.Ad-Hoc|Any CPU.Build.0 = Release|Any CPU
		{67F9D3A8-F71E-4428-913F-C37AE82CDB24}.Ad-Hoc|iPhone.ActiveCfg = Release|Any CPU
		{67F9D3A8-F71E-4428-913F-C37AE82CDB24}.Ad-Hoc|iPhone.Build.0 = Release|Any CPU
		{67F9D3A8-F71E-4428-913F-C37AE82CDB24}.Ad-Hoc|iPhoneSimulator.ActiveCfg = Release|Any CPU
		{67F9D3A8-F71E-4428-913F-C37AE82CDB24}.Ad-Hoc|iPhoneSimulator.Build.0 = Release|Any CPU
		{67F9D3A8-F71E-4428-913F-C37AE82CDB24}.AppStore|Any CPU.ActiveCfg = Release|Any CPU
		{67F9D3A8-F71E-4428-913F-C37AE82CDB24}.AppStore|Any CPU.Build.0 = Release|Any CPU
		{67F9D3A8-F71E-4428-913F-C37AE82CDB24}.AppStore|iPhone.ActiveCfg = Release|Any CPU
		{67F9D3A8-F71E-4428-913F-C37AE82CDB24}.AppStore|iPhone.Build.0 = Release|Any CPU
		{67F9D3A8-F71E-4428-913F-C37AE82CDB24}.AppStore|iPhoneSimulator.ActiveCfg = Release|Any CPU
		{67F9D3A8-F71E-4428-913F-C37AE82CDB24}.AppStore|iPhoneSimulator.Build.0 = Release|Any CPU
		{67F9D3A8-F71E-4428-913F-C37AE82CDB24}.Debug|Any CPU.ActiveCfg = Debug|Any CPU
		{67F9D3A8-F71E-4428-913F-C37AE82CDB24}.Debug|Any CPU.Build.0 = Debug|Any CPU
		{67F9D3A8-F71E-4428-913F-C37AE82CDB24}.Debug|iPhone.ActiveCfg = Debug|Any CPU
		{67F9D3A8-F71E-4428-913F-C37AE82CDB24}.Debug|iPhone.Build.0 = Debug|Any CPU
		{67F9D3A8-F71E-4428-913F-C37AE82CDB24}.Debug|iPhoneSimulator.ActiveCfg = Debug|Any CPU
		{67F9D3A8-F71E-4428-913F-C37AE82CDB24}.Debug|iPhoneSimulator.Build.0 = Debug|Any CPU
		{67F9D3A8-F71E-4428-913F-C37AE82CDB24}.Release|Any CPU.ActiveCfg = Release|Any CPU
		{67F9D3A8-F71E-4428-913F-C37AE82CDB24}.Release|Any CPU.Build.0 = Release|Any CPU
		{67F9D3A8-F71E-4428-913F-C37AE82CDB24}.Release|iPhone.ActiveCfg = Release|Any CPU
		{67F9D3A8-F71E-4428-913F-C37AE82CDB24}.Release|iPhone.Build.0 = Release|Any CPU
		{67F9D3A8-F71E-4428-913F-C37AE82CDB24}.Release|iPhoneSimulator.ActiveCfg = Release|Any CPU
		{67F9D3A8-F71E-4428-913F-C37AE82CDB24}.Release|iPhoneSimulator.Build.0 = Release|Any CPU
		{076444AB-1145-43AE-8ABB-99F0F231DF1A}.Ad-Hoc|Any CPU.ActiveCfg = Release|Any CPU
		{076444AB-1145-43AE-8ABB-99F0F231DF1A}.Ad-Hoc|Any CPU.Build.0 = Release|Any CPU
		{076444AB-1145-43AE-8ABB-99F0F231DF1A}.Ad-Hoc|iPhone.ActiveCfg = Release|Any CPU
		{076444AB-1145-43AE-8ABB-99F0F231DF1A}.Ad-Hoc|iPhone.Build.0 = Release|Any CPU
		{076444AB-1145-43AE-8ABB-99F0F231DF1A}.Ad-Hoc|iPhoneSimulator.ActiveCfg = Release|Any CPU
		{076444AB-1145-43AE-8ABB-99F0F231DF1A}.Ad-Hoc|iPhoneSimulator.Build.0 = Release|Any CPU
		{076444AB-1145-43AE-8ABB-99F0F231DF1A}.AppStore|Any CPU.ActiveCfg = Release|Any CPU
		{076444AB-1145-43AE-8ABB-99F0F231DF1A}.AppStore|Any CPU.Build.0 = Release|Any CPU
		{076444AB-1145-43AE-8ABB-99F0F231DF1A}.AppStore|iPhone.ActiveCfg = Release|Any CPU
		{076444AB-1145-43AE-8ABB-99F0F231DF1A}.AppStore|iPhone.Build.0 = Release|Any CPU
		{076444AB-1145-43AE-8ABB-99F0F231DF1A}.AppStore|iPhoneSimulator.ActiveCfg = Release|Any CPU
		{076444AB-1145-43AE-8ABB-99F0F231DF1A}.AppStore|iPhoneSimulator.Build.0 = Release|Any CPU
		{076444AB-1145-43AE-8ABB-99F0F231DF1A}.Debug|Any CPU.ActiveCfg = Debug|Any CPU
		{076444AB-1145-43AE-8ABB-99F0F231DF1A}.Debug|Any CPU.Build.0 = Debug|Any CPU
		{076444AB-1145-43AE-8ABB-99F0F231DF1A}.Debug|iPhone.ActiveCfg = Debug|Any CPU
		{076444AB-1145-43AE-8ABB-99F0F231DF1A}.Debug|iPhone.Build.0 = Debug|Any CPU
		{076444AB-1145-43AE-8ABB-99F0F231DF1A}.Debug|iPhoneSimulator.ActiveCfg = Debug|Any CPU
		{076444AB-1145-43AE-8ABB-99F0F231DF1A}.Debug|iPhoneSimulator.Build.0 = Debug|Any CPU
		{076444AB-1145-43AE-8ABB-99F0F231DF1A}.Release|Any CPU.ActiveCfg = Release|Any CPU
		{076444AB-1145-43AE-8ABB-99F0F231DF1A}.Release|Any CPU.Build.0 = Release|Any CPU
		{076444AB-1145-43AE-8ABB-99F0F231DF1A}.Release|iPhone.ActiveCfg = Release|Any CPU
		{076444AB-1145-43AE-8ABB-99F0F231DF1A}.Release|iPhone.Build.0 = Release|Any CPU
		{076444AB-1145-43AE-8ABB-99F0F231DF1A}.Release|iPhoneSimulator.ActiveCfg = Release|Any CPU
		{076444AB-1145-43AE-8ABB-99F0F231DF1A}.Release|iPhoneSimulator.Build.0 = Release|Any CPU
		{43F91C33-9793-4782-AE73-6CD090481CD0}.Ad-Hoc|Any CPU.ActiveCfg = Release|Any CPU
		{43F91C33-9793-4782-AE73-6CD090481CD0}.Ad-Hoc|Any CPU.Build.0 = Release|Any CPU
		{43F91C33-9793-4782-AE73-6CD090481CD0}.Ad-Hoc|iPhone.ActiveCfg = Release|Any CPU
		{43F91C33-9793-4782-AE73-6CD090481CD0}.Ad-Hoc|iPhone.Build.0 = Release|Any CPU
		{43F91C33-9793-4782-AE73-6CD090481CD0}.Ad-Hoc|iPhoneSimulator.ActiveCfg = Release|Any CPU
		{43F91C33-9793-4782-AE73-6CD090481CD0}.Ad-Hoc|iPhoneSimulator.Build.0 = Release|Any CPU
		{43F91C33-9793-4782-AE73-6CD090481CD0}.AppStore|Any CPU.ActiveCfg = Release|Any CPU
		{43F91C33-9793-4782-AE73-6CD090481CD0}.AppStore|Any CPU.Build.0 = Release|Any CPU
		{43F91C33-9793-4782-AE73-6CD090481CD0}.AppStore|iPhone.ActiveCfg = Release|Any CPU
		{43F91C33-9793-4782-AE73-6CD090481CD0}.AppStore|iPhone.Build.0 = Release|Any CPU
		{43F91C33-9793-4782-AE73-6CD090481CD0}.AppStore|iPhoneSimulator.ActiveCfg = Release|Any CPU
		{43F91C33-9793-4782-AE73-6CD090481CD0}.AppStore|iPhoneSimulator.Build.0 = Release|Any CPU
		{43F91C33-9793-4782-AE73-6CD090481CD0}.Debug|Any CPU.ActiveCfg = Debug|Any CPU
		{43F91C33-9793-4782-AE73-6CD090481CD0}.Debug|Any CPU.Build.0 = Debug|Any CPU
		{43F91C33-9793-4782-AE73-6CD090481CD0}.Debug|iPhone.ActiveCfg = Debug|Any CPU
		{43F91C33-9793-4782-AE73-6CD090481CD0}.Debug|iPhone.Build.0 = Debug|Any CPU
		{43F91C33-9793-4782-AE73-6CD090481CD0}.Debug|iPhoneSimulator.ActiveCfg = Debug|Any CPU
		{43F91C33-9793-4782-AE73-6CD090481CD0}.Debug|iPhoneSimulator.Build.0 = Debug|Any CPU
		{43F91C33-9793-4782-AE73-6CD090481CD0}.Release|Any CPU.ActiveCfg = Release|Any CPU
		{43F91C33-9793-4782-AE73-6CD090481CD0}.Release|Any CPU.Build.0 = Release|Any CPU
		{43F91C33-9793-4782-AE73-6CD090481CD0}.Release|iPhone.ActiveCfg = Release|Any CPU
		{43F91C33-9793-4782-AE73-6CD090481CD0}.Release|iPhone.Build.0 = Release|Any CPU
		{43F91C33-9793-4782-AE73-6CD090481CD0}.Release|iPhoneSimulator.ActiveCfg = Release|Any CPU
		{43F91C33-9793-4782-AE73-6CD090481CD0}.Release|iPhoneSimulator.Build.0 = Release|Any CPU
	EndGlobalSection
	GlobalSection(SolutionProperties) = preSolution
		HideSolutionNode = FALSE
	EndGlobalSection
EndGlobal
